// !$*UTF8*$!
{
	archiveVersion = 1;
	classes = {
	};
	objectVersion = 55;
	objects = {

/* Begin PBXBuildFile section */
		A1054C4C273187E9005FB57A /* AppDelegate.swift in Sources */ = {isa = PBXBuildFile; fileRef = A1054C4B273187E9005FB57A /* AppDelegate.swift */; };
		A1054C4E273187E9005FB57A /* SceneDelegate.swift in Sources */ = {isa = PBXBuildFile; fileRef = A1054C4D273187E9005FB57A /* SceneDelegate.swift */; };
		A1054C50273187E9005FB57A /* ViewController.swift in Sources */ = {isa = PBXBuildFile; fileRef = A1054C4F273187E9005FB57A /* ViewController.swift */; };
		A1054C53273187E9005FB57A /* Main.storyboard in Resources */ = {isa = PBXBuildFile; fileRef = A1054C51273187E9005FB57A /* Main.storyboard */; };
		A1054C55273187EA005FB57A /* Assets.xcassets in Resources */ = {isa = PBXBuildFile; fileRef = A1054C54273187EA005FB57A /* Assets.xcassets */; };
		A1054C58273187EA005FB57A /* LaunchScreen.storyboard in Resources */ = {isa = PBXBuildFile; fileRef = A1054C56273187EA005FB57A /* LaunchScreen.storyboard */; };
		A1054C63273187EA005FB57A /* Restaurant_ProjectTests.swift in Sources */ = {isa = PBXBuildFile; fileRef = A1054C62273187EA005FB57A /* Restaurant_ProjectTests.swift */; };
		A1054C6D273187EA005FB57A /* Restaurant_ProjectUITests.swift in Sources */ = {isa = PBXBuildFile; fileRef = A1054C6C273187EA005FB57A /* Restaurant_ProjectUITests.swift */; };
		A1054C6F273187EA005FB57A /* Restaurant_ProjectUITestsLaunchTests.swift in Sources */ = {isa = PBXBuildFile; fileRef = A1054C6E273187EA005FB57A /* Restaurant_ProjectUITestsLaunchTests.swift */; };
		A1054C84273192B3005FB57A /* BottleRocketController.swift in Sources */ = {isa = PBXBuildFile; fileRef = A1054C83273192B3005FB57A /* BottleRocketController.swift */; };
		A1054C8627319378005FB57A /* RestaurantViewModel.swift in Sources */ = {isa = PBXBuildFile; fileRef = A1054C8527319378005FB57A /* RestaurantViewModel.swift */; };
		A1054C8827319384005FB57A /* RestaurantModel.swift in Sources */ = {isa = PBXBuildFile; fileRef = A1054C8727319384005FB57A /* RestaurantModel.swift */; };
		A1054C8A27319678005FB57A /* Network.swift in Sources */ = {isa = PBXBuildFile; fileRef = A1054C8927319678005FB57A /* Network.swift */; };
/* End PBXBuildFile section */

/* Begin PBXContainerItemProxy section */
		A1054C5F273187EA005FB57A /* PBXContainerItemProxy */ = {
			isa = PBXContainerItemProxy;
			containerPortal = A1054C40273187E8005FB57A /* Project object */;
			proxyType = 1;
			remoteGlobalIDString = A1054C47273187E9005FB57A;
			remoteInfo = "Restaurant Project";
		};
		A1054C69273187EA005FB57A /* PBXContainerItemProxy */ = {
			isa = PBXContainerItemProxy;
			containerPortal = A1054C40273187E8005FB57A /* Project object */;
			proxyType = 1;
			remoteGlobalIDString = A1054C47273187E9005FB57A;
			remoteInfo = "Restaurant Project";
		};
/* End PBXContainerItemProxy section */

/* Begin PBXFileReference section */
		A1054C48273187E9005FB57A /* Restaurant Project.app */ = {isa = PBXFileReference; explicitFileType = wrapper.application; includeInIndex = 0; path = "Restaurant Project.app"; sourceTree = BUILT_PRODUCTS_DIR; };
		A1054C4B273187E9005FB57A /* AppDelegate.swift */ = {isa = PBXFileReference; lastKnownFileType = sourcecode.swift; path = AppDelegate.swift; sourceTree = "<group>"; };
		A1054C4D273187E9005FB57A /* SceneDelegate.swift */ = {isa = PBXFileReference; lastKnownFileType = sourcecode.swift; path = SceneDelegate.swift; sourceTree = "<group>"; };
		A1054C4F273187E9005FB57A /* ViewController.swift */ = {isa = PBXFileReference; lastKnownFileType = sourcecode.swift; path = ViewController.swift; sourceTree = "<group>"; };
		A1054C52273187E9005FB57A /* Base */ = {isa = PBXFileReference; lastKnownFileType = file.storyboard; name = Base; path = Base.lproj/Main.storyboard; sourceTree = "<group>"; };
		A1054C54273187EA005FB57A /* Assets.xcassets */ = {isa = PBXFileReference; lastKnownFileType = folder.assetcatalog; path = Assets.xcassets; sourceTree = "<group>"; };
		A1054C57273187EA005FB57A /* Base */ = {isa = PBXFileReference; lastKnownFileType = file.storyboard; name = Base; path = Base.lproj/LaunchScreen.storyboard; sourceTree = "<group>"; };
		A1054C59273187EA005FB57A /* Info.plist */ = {isa = PBXFileReference; lastKnownFileType = text.plist.xml; path = Info.plist; sourceTree = "<group>"; };
		A1054C5E273187EA005FB57A /* Restaurant ProjectTests.xctest */ = {isa = PBXFileReference; explicitFileType = wrapper.cfbundle; includeInIndex = 0; path = "Restaurant ProjectTests.xctest"; sourceTree = BUILT_PRODUCTS_DIR; };
		A1054C62273187EA005FB57A /* Restaurant_ProjectTests.swift */ = {isa = PBXFileReference; lastKnownFileType = sourcecode.swift; path = Restaurant_ProjectTests.swift; sourceTree = "<group>"; };
		A1054C68273187EA005FB57A /* Restaurant ProjectUITests.xctest */ = {isa = PBXFileReference; explicitFileType = wrapper.cfbundle; includeInIndex = 0; path = "Restaurant ProjectUITests.xctest"; sourceTree = BUILT_PRODUCTS_DIR; };
		A1054C6C273187EA005FB57A /* Restaurant_ProjectUITests.swift */ = {isa = PBXFileReference; lastKnownFileType = sourcecode.swift; path = Restaurant_ProjectUITests.swift; sourceTree = "<group>"; };
		A1054C6E273187EA005FB57A /* Restaurant_ProjectUITestsLaunchTests.swift */ = {isa = PBXFileReference; lastKnownFileType = sourcecode.swift; path = Restaurant_ProjectUITestsLaunchTests.swift; sourceTree = "<group>"; };
		A1054C83273192B3005FB57A /* BottleRocketController.swift */ = {isa = PBXFileReference; lastKnownFileType = sourcecode.swift; path = BottleRocketController.swift; sourceTree = "<group>"; };
		A1054C8527319378005FB57A /* RestaurantViewModel.swift */ = {isa = PBXFileReference; lastKnownFileType = sourcecode.swift; path = RestaurantViewModel.swift; sourceTree = "<group>"; };
		A1054C8727319384005FB57A /* RestaurantModel.swift */ = {isa = PBXFileReference; lastKnownFileType = sourcecode.swift; path = RestaurantModel.swift; sourceTree = "<group>"; };
		A1054C8927319678005FB57A /* Network.swift */ = {isa = PBXFileReference; lastKnownFileType = sourcecode.swift; path = Network.swift; sourceTree = "<group>"; };
/* End PBXFileReference section */

/* Begin PBXFrameworksBuildPhase section */
		A1054C45273187E9005FB57A /* Frameworks */ = {
			isa = PBXFrameworksBuildPhase;
			buildActionMask = 2147483647;
			files = (
			);
			runOnlyForDeploymentPostprocessing = 0;
		};
		A1054C5B273187EA005FB57A /* Frameworks */ = {
			isa = PBXFrameworksBuildPhase;
			buildActionMask = 2147483647;
			files = (
			);
			runOnlyForDeploymentPostprocessing = 0;
		};
		A1054C65273187EA005FB57A /* Frameworks */ = {
			isa = PBXFrameworksBuildPhase;
			buildActionMask = 2147483647;
			files = (
			);
			runOnlyForDeploymentPostprocessing = 0;
		};
/* End PBXFrameworksBuildPhase section */

/* Begin PBXGroup section */
		A1054C3F273187E8005FB57A = {
			isa = PBXGroup;
			children = (
				A1054C4A273187E9005FB57A /* Restaurant Project */,
				A1054C61273187EA005FB57A /* Restaurant ProjectTests */,
				A1054C6B273187EA005FB57A /* Restaurant ProjectUITests */,
				A1054C49273187E9005FB57A /* Products */,
			);
			sourceTree = "<group>";
		};
		A1054C49273187E9005FB57A /* Products */ = {
			isa = PBXGroup;
			children = (
				A1054C48273187E9005FB57A /* Restaurant Project.app */,
				A1054C5E273187EA005FB57A /* Restaurant ProjectTests.xctest */,
				A1054C68273187EA005FB57A /* Restaurant ProjectUITests.xctest */,
			);
			name = Products;
			sourceTree = "<group>";
		};
		A1054C4A273187E9005FB57A /* Restaurant Project */ = {
			isa = PBXGroup;
			children = (
				A1054C4B273187E9005FB57A /* AppDelegate.swift */,
				A1054C4D273187E9005FB57A /* SceneDelegate.swift */,
				A1054C4F273187E9005FB57A /* ViewController.swift */,
				A1054C51273187E9005FB57A /* Main.storyboard */,
				A1054C54273187EA005FB57A /* Assets.xcassets */,
				A1054C56273187EA005FB57A /* LaunchScreen.storyboard */,
				A1054C59273187EA005FB57A /* Info.plist */,
				A1054C83273192B3005FB57A /* BottleRocketController.swift */,
				A1054C8527319378005FB57A /* RestaurantViewModel.swift */,
				A1054C8727319384005FB57A /* RestaurantModel.swift */,
				A1054C8927319678005FB57A /* Network.swift */,
			);
			path = "Restaurant Project";
			sourceTree = "<group>";
		};
		A1054C61273187EA005FB57A /* Restaurant ProjectTests */ = {
			isa = PBXGroup;
			children = (
				A1054C62273187EA005FB57A /* Restaurant_ProjectTests.swift */,
			);
			path = "Restaurant ProjectTests";
			sourceTree = "<group>";
		};
		A1054C6B273187EA005FB57A /* Restaurant ProjectUITests */ = {
			isa = PBXGroup;
			children = (
				A1054C6C273187EA005FB57A /* Restaurant_ProjectUITests.swift */,
				A1054C6E273187EA005FB57A /* Restaurant_ProjectUITestsLaunchTests.swift */,
			);
			path = "Restaurant ProjectUITests";
			sourceTree = "<group>";
		};
/* End PBXGroup section */

/* Begin PBXNativeTarget section */
		A1054C47273187E9005FB57A /* Restaurant Project */ = {
			isa = PBXNativeTarget;
			buildConfigurationList = A1054C72273187EA005FB57A /* Build configuration list for PBXNativeTarget "Restaurant Project" */;
			buildPhases = (
				A1054C44273187E9005FB57A /* Sources */,
				A1054C45273187E9005FB57A /* Frameworks */,
				A1054C46273187E9005FB57A /* Resources */,
			);
			buildRules = (
			);
			dependencies = (
			);
			name = "Restaurant Project";
			productName = "Restaurant Project";
			productReference = A1054C48273187E9005FB57A /* Restaurant Project.app */;
			productType = "com.apple.product-type.application";
		};
		A1054C5D273187EA005FB57A /* Restaurant ProjectTests */ = {
			isa = PBXNativeTarget;
			buildConfigurationList = A1054C75273187EA005FB57A /* Build configuration list for PBXNativeTarget "Restaurant ProjectTests" */;
			buildPhases = (
				A1054C5A273187EA005FB57A /* Sources */,
				A1054C5B273187EA005FB57A /* Frameworks */,
				A1054C5C273187EA005FB57A /* Resources */,
			);
			buildRules = (
			);
			dependencies = (
				A1054C60273187EA005FB57A /* PBXTargetDependency */,
			);
			name = "Restaurant ProjectTests";
			productName = "Restaurant ProjectTests";
			productReference = A1054C5E273187EA005FB57A /* Restaurant ProjectTests.xctest */;
			productType = "com.apple.product-type.bundle.unit-test";
		};
		A1054C67273187EA005FB57A /* Restaurant ProjectUITests */ = {
			isa = PBXNativeTarget;
			buildConfigurationList = A1054C78273187EA005FB57A /* Build configuration list for PBXNativeTarget "Restaurant ProjectUITests" */;
			buildPhases = (
				A1054C64273187EA005FB57A /* Sources */,
				A1054C65273187EA005FB57A /* Frameworks */,
				A1054C66273187EA005FB57A /* Resources */,
			);
			buildRules = (
			);
			dependencies = (
				A1054C6A273187EA005FB57A /* PBXTargetDependency */,
			);
			name = "Restaurant ProjectUITests";
			productName = "Restaurant ProjectUITests";
			productReference = A1054C68273187EA005FB57A /* Restaurant ProjectUITests.xctest */;
			productType = "com.apple.product-type.bundle.ui-testing";
		};
/* End PBXNativeTarget section */

/* Begin PBXProject section */
		A1054C40273187E8005FB57A /* Project object */ = {
			isa = PBXProject;
			attributes = {
				BuildIndependentTargetsInParallel = 1;
				LastSwiftUpdateCheck = 1300;
				LastUpgradeCheck = 1300;
				TargetAttributes = {
					A1054C47273187E9005FB57A = {
						CreatedOnToolsVersion = 13.0;
					};
					A1054C5D273187EA005FB57A = {
						CreatedOnToolsVersion = 13.0;
						TestTargetID = A1054C47273187E9005FB57A;
					};
					A1054C67273187EA005FB57A = {
						CreatedOnToolsVersion = 13.0;
						TestTargetID = A1054C47273187E9005FB57A;
					};
				};
			};
			buildConfigurationList = A1054C43273187E8005FB57A /* Build configuration list for PBXProject "Restaurant Project" */;
			compatibilityVersion = "Xcode 13.0";
			developmentRegion = en;
			hasScannedForEncodings = 0;
			knownRegions = (
				en,
				Base,
			);
			mainGroup = A1054C3F273187E8005FB57A;
			productRefGroup = A1054C49273187E9005FB57A /* Products */;
			projectDirPath = "";
			projectRoot = "";
			targets = (
				A1054C47273187E9005FB57A /* Restaurant Project */,
				A1054C5D273187EA005FB57A /* Restaurant ProjectTests */,
				A1054C67273187EA005FB57A /* Restaurant ProjectUITests */,
			);
		};
/* End PBXProject section */

/* Begin PBXResourcesBuildPhase section */
		A1054C46273187E9005FB57A /* Resources */ = {
			isa = PBXResourcesBuildPhase;
			buildActionMask = 2147483647;
			files = (
				A1054C58273187EA005FB57A /* LaunchScreen.storyboard in Resources */,
				A1054C55273187EA005FB57A /* Assets.xcassets in Resources */,
				A1054C53273187E9005FB57A /* Main.storyboard in Resources */,
			);
			runOnlyForDeploymentPostprocessing = 0;
		};
		A1054C5C273187EA005FB57A /* Resources */ = {
			isa = PBXResourcesBuildPhase;
			buildActionMask = 2147483647;
			files = (
			);
			runOnlyForDeploymentPostprocessing = 0;
		};
		A1054C66273187EA005FB57A /* Resources */ = {
			isa = PBXResourcesBuildPhase;
			buildActionMask = 2147483647;
			files = (
			);
			runOnlyForDeploymentPostprocessing = 0;
		};
/* End PBXResourcesBuildPhase section */

/* Begin PBXSourcesBuildPhase section */
		A1054C44273187E9005FB57A /* Sources */ = {
			isa = PBXSourcesBuildPhase;
			buildActionMask = 2147483647;
			files = (
				A1054C50273187E9005FB57A /* ViewController.swift in Sources */,
				A1054C84273192B3005FB57A /* BottleRocketController.swift in Sources */,
				A1054C8627319378005FB57A /* RestaurantViewModel.swift in Sources */,
				A1054C4C273187E9005FB57A /* AppDelegate.swift in Sources */,
				A1054C8827319384005FB57A /* RestaurantModel.swift in Sources */,
				A1054C8A27319678005FB57A /* Network.swift in Sources */,
				A1054C4E273187E9005FB57A /* SceneDelegate.swift in Sources */,
			);
			runOnlyForDeploymentPostprocessing = 0;
		};
		A1054C5A273187EA005FB57A /* Sources */ = {
			isa = PBXSourcesBuildPhase;
			buildActionMask = 2147483647;
			files = (
				A1054C63273187EA005FB57A /* Restaurant_ProjectTests.swift in Sources */,
			);
			runOnlyForDeploymentPostprocessing = 0;
		};
		A1054C64273187EA005FB57A /* Sources */ = {
			isa = PBXSourcesBuildPhase;
			buildActionMask = 2147483647;
			files = (
				A1054C6D273187EA005FB57A /* Restaurant_ProjectUITests.swift in Sources */,
				A1054C6F273187EA005FB57A /* Restaurant_ProjectUITestsLaunchTests.swift in Sources */,
			);
			runOnlyForDeploymentPostprocessing = 0;
		};
/* End PBXSourcesBuildPhase section */

/* Begin PBXTargetDependency section */
		A1054C60273187EA005FB57A /* PBXTargetDependency */ = {
			isa = PBXTargetDependency;
			target = A1054C47273187E9005FB57A /* Restaurant Project */;
			targetProxy = A1054C5F273187EA005FB57A /* PBXContainerItemProxy */;
		};
		A1054C6A273187EA005FB57A /* PBXTargetDependency */ = {
			isa = PBXTargetDependency;
			target = A1054C47273187E9005FB57A /* Restaurant Project */;
			targetProxy = A1054C69273187EA005FB57A /* PBXContainerItemProxy */;
		};
/* End PBXTargetDependency section */

/* Begin PBXVariantGroup section */
		A1054C51273187E9005FB57A /* Main.storyboard */ = {
			isa = PBXVariantGroup;
			children = (
				A1054C52273187E9005FB57A /* Base */,
			);
			name = Main.storyboard;
			sourceTree = "<group>";
		};
		A1054C56273187EA005FB57A /* LaunchScreen.storyboard */ = {
			isa = PBXVariantGroup;
			children = (
				A1054C57273187EA005FB57A /* Base */,
			);
			name = LaunchScreen.storyboard;
			sourceTree = "<group>";
		};
/* End PBXVariantGroup section */

/* Begin XCBuildConfiguration section */
		A1054C70273187EA005FB57A /* Debug */ = {
			isa = XCBuildConfiguration;
			buildSettings = {
				ALWAYS_SEARCH_USER_PATHS = NO;
				CLANG_ANALYZER_NONNULL = YES;
				CLANG_ANALYZER_NUMBER_OBJECT_CONVERSION = YES_AGGRESSIVE;
				CLANG_CXX_LANGUAGE_STANDARD = "gnu++17";
				CLANG_CXX_LIBRARY = "libc++";
				CLANG_ENABLE_MODULES = YES;
				CLANG_ENABLE_OBJC_ARC = YES;
				CLANG_ENABLE_OBJC_WEAK = YES;
				CLANG_WARN_BLOCK_CAPTURE_AUTORELEASING = YES;
				CLANG_WARN_BOOL_CONVERSION = YES;
				CLANG_WARN_COMMA = YES;
				CLANG_WARN_CONSTANT_CONVERSION = YES;
				CLANG_WARN_DEPRECATED_OBJC_IMPLEMENTATIONS = YES;
				CLANG_WARN_DIRECT_OBJC_ISA_USAGE = YES_ERROR;
				CLANG_WARN_DOCUMENTATION_COMMENTS = YES;
				CLANG_WARN_EMPTY_BODY = YES;
				CLANG_WARN_ENUM_CONVERSION = YES;
				CLANG_WARN_INFINITE_RECURSION = YES;
				CLANG_WARN_INT_CONVERSION = YES;
				CLANG_WARN_NON_LITERAL_NULL_CONVERSION = YES;
				CLANG_WARN_OBJC_IMPLICIT_RETAIN_SELF = YES;
				CLANG_WARN_OBJC_LITERAL_CONVERSION = YES;
				CLANG_WARN_OBJC_ROOT_CLASS = YES_ERROR;
				CLANG_WARN_QUOTED_INCLUDE_IN_FRAMEWORK_HEADER = YES;
				CLANG_WARN_RANGE_LOOP_ANALYSIS = YES;
				CLANG_WARN_STRICT_PROTOTYPES = YES;
				CLANG_WARN_SUSPICIOUS_MOVE = YES;
				CLANG_WARN_UNGUARDED_AVAILABILITY = YES_AGGRESSIVE;
				CLANG_WARN_UNREACHABLE_CODE = YES;
				CLANG_WARN__DUPLICATE_METHOD_MATCH = YES;
				COPY_PHASE_STRIP = NO;
				DEBUG_INFORMATION_FORMAT = dwarf;
				ENABLE_STRICT_OBJC_MSGSEND = YES;
				ENABLE_TESTABILITY = YES;
				GCC_C_LANGUAGE_STANDARD = gnu11;
				GCC_DYNAMIC_NO_PIC = NO;
				GCC_NO_COMMON_BLOCKS = YES;
				GCC_OPTIMIZATION_LEVEL = 0;
				GCC_PREPROCESSOR_DEFINITIONS = (
					"DEBUG=1",
					"$(inherited)",
				);
				GCC_WARN_64_TO_32_BIT_CONVERSION = YES;
				GCC_WARN_ABOUT_RETURN_TYPE = YES_ERROR;
				GCC_WARN_UNDECLARED_SELECTOR = YES;
				GCC_WARN_UNINITIALIZED_AUTOS = YES_AGGRESSIVE;
				GCC_WARN_UNUSED_FUNCTION = YES;
				GCC_WARN_UNUSED_VARIABLE = YES;
				IPHONEOS_DEPLOYMENT_TARGET = 15.0;
				MTL_ENABLE_DEBUG_INFO = INCLUDE_SOURCE;
				MTL_FAST_MATH = YES;
				ONLY_ACTIVE_ARCH = YES;
				SDKROOT = iphoneos;
				SWIFT_ACTIVE_COMPILATION_CONDITIONS = DEBUG;
				SWIFT_OPTIMIZATION_LEVEL = "-Onone";
			};
			name = Debug;
		};
		A1054C71273187EA005FB57A /* Release */ = {
			isa = XCBuildConfiguration;
			buildSettings = {
				ALWAYS_SEARCH_USER_PATHS = NO;
				CLANG_ANALYZER_NONNULL = YES;
				CLANG_ANALYZER_NUMBER_OBJECT_CONVERSION = YES_AGGRESSIVE;
				CLANG_CXX_LANGUAGE_STANDARD = "gnu++17";
				CLANG_CXX_LIBRARY = "libc++";
				CLANG_ENABLE_MODULES = YES;
				CLANG_ENABLE_OBJC_ARC = YES;
				CLANG_ENABLE_OBJC_WEAK = YES;
				CLANG_WARN_BLOCK_CAPTURE_AUTORELEASING = YES;
				CLANG_WARN_BOOL_CONVERSION = YES;
				CLANG_WARN_COMMA = YES;
				CLANG_WARN_CONSTANT_CONVERSION = YES;
				CLANG_WARN_DEPRECATED_OBJC_IMPLEMENTATIONS = YES;
				CLANG_WARN_DIRECT_OBJC_ISA_USAGE = YES_ERROR;
				CLANG_WARN_DOCUMENTATION_COMMENTS = YES;
				CLANG_WARN_EMPTY_BODY = YES;
				CLANG_WARN_ENUM_CONVERSION = YES;
				CLANG_WARN_INFINITE_RECURSION = YES;
				CLANG_WARN_INT_CONVERSION = YES;
				CLANG_WARN_NON_LITERAL_NULL_CONVERSION = YES;
				CLANG_WARN_OBJC_IMPLICIT_RETAIN_SELF = YES;
				CLANG_WARN_OBJC_LITERAL_CONVERSION = YES;
				CLANG_WARN_OBJC_ROOT_CLASS = YES_ERROR;
				CLANG_WARN_QUOTED_INCLUDE_IN_FRAMEWORK_HEADER = YES;
				CLANG_WARN_RANGE_LOOP_ANALYSIS = YES;
				CLANG_WARN_STRICT_PROTOTYPES = YES;
				CLANG_WARN_SUSPICIOUS_MOVE = YES;
				CLANG_WARN_UNGUARDED_AVAILABILITY = YES_AGGRESSIVE;
				CLANG_WARN_UNREACHABLE_CODE = YES;
				CLANG_WARN__DUPLICATE_METHOD_MATCH = YES;
				COPY_PHASE_STRIP = NO;
				DEBUG_INFORMATION_FORMAT = "dwarf-with-dsym";
				ENABLE_NS_ASSERTIONS = NO;
				ENABLE_STRICT_OBJC_MSGSEND = YES;
				GCC_C_LANGUAGE_STANDARD = gnu11;
				GCC_NO_COMMON_BLOCKS = YES;
				GCC_WARN_64_TO_32_BIT_CONVERSION = YES;
				GCC_WARN_ABOUT_RETURN_TYPE = YES_ERROR;
				GCC_WARN_UNDECLARED_SELECTOR = YES;
				GCC_WARN_UNINITIALIZED_AUTOS = YES_AGGRESSIVE;
				GCC_WARN_UNUSED_FUNCTION = YES;
				GCC_WARN_UNUSED_VARIABLE = YES;
				IPHONEOS_DEPLOYMENT_TARGET = 15.0;
				MTL_ENABLE_DEBUG_INFO = NO;
				MTL_FAST_MATH = YES;
				SDKROOT = iphoneos;
				SWIFT_COMPILATION_MODE = wholemodule;
				SWIFT_OPTIMIZATION_LEVEL = "-O";
				VALIDATE_PRODUCT = YES;
			};
			name = Release;
		};
		A1054C73273187EA005FB57A /* Debug */ = {
			isa = XCBuildConfiguration;
			buildSettings = {
				ASSETCATALOG_COMPILER_APPICON_NAME = AppIcon;
				ASSETCATALOG_COMPILER_GLOBAL_ACCENT_COLOR_NAME = AccentColor;
				CODE_SIGN_STYLE = Automatic;
				CURRENT_PROJECT_VERSION = 1;
				DEVELOPMENT_TEAM = H688L4T6GV;
				GENERATE_INFOPLIST_FILE = YES;
				INFOPLIST_FILE = "Restaurant Project/Info.plist";
				INFOPLIST_KEY_UIApplicationSupportsIndirectInputEvents = YES;
				INFOPLIST_KEY_UILaunchStoryboardName = LaunchScreen;
				INFOPLIST_KEY_UIMainStoryboardFile = Main;
				INFOPLIST_KEY_UISupportedInterfaceOrientations_iPad = "UIInterfaceOrientationPortrait UIInterfaceOrientationPortraitUpsideDown UIInterfaceOrientationLandscapeLeft UIInterfaceOrientationLandscapeRight";
				INFOPLIST_KEY_UISupportedInterfaceOrientations_iPhone = "UIInterfaceOrientationPortrait UIInterfaceOrientationLandscapeLeft UIInterfaceOrientationLandscapeRight";
				LD_RUNPATH_SEARCH_PATHS = (
					"$(inherited)",
					"@executable_path/Frameworks",
				);
				MARKETING_VERSION = 1.0;
				PRODUCT_BUNDLE_IDENTIFIER = "Something.Restaurant-Project";
				PRODUCT_NAME = "$(TARGET_NAME)";
				SWIFT_EMIT_LOC_STRINGS = YES;
				SWIFT_VERSION = 5.0;
				TARGETED_DEVICE_FAMILY = "1,2";
			};
			name = Debug;
		};
		A1054C74273187EA005FB57A /* Release */ = {
			isa = XCBuildConfiguration;
			buildSettings = {
				ASSETCATALOG_COMPILER_APPICON_NAME = AppIcon;
				ASSETCATALOG_COMPILER_GLOBAL_ACCENT_COLOR_NAME = AccentColor;
				CODE_SIGN_STYLE = Automatic;
				CURRENT_PROJECT_VERSION = 1;
				DEVELOPMENT_TEAM = H688L4T6GV;
				GENERATE_INFOPLIST_FILE = YES;
				INFOPLIST_FILE = "Restaurant Project/Info.plist";
				INFOPLIST_KEY_UIApplicationSupportsIndirectInputEvents = YES;
				INFOPLIST_KEY_UILaunchStoryboardName = LaunchScreen;
				INFOPLIST_KEY_UIMainStoryboardFile = Main;
				INFOPLIST_KEY_UISupportedInterfaceOrientations_iPad = "UIInterfaceOrientationPortrait UIInterfaceOrientationPortraitUpsideDown UIInterfaceOrientationLandscapeLeft UIInterfaceOrientationLandscapeRight";
				INFOPLIST_KEY_UISupportedInterfaceOrientations_iPhone = "UIInterfaceOrientationPortrait UIInterfaceOrientationLandscapeLeft UIInterfaceOrientationLandscapeRight";
				LD_RUNPATH_SEARCH_PATHS = (
					"$(inherited)",
					"@executable_path/Frameworks",
				);
				MARKETING_VERSION = 1.0;
				PRODUCT_BUNDLE_IDENTIFIER = "Something.Restaurant-Project";
				PRODUCT_NAME = "$(TARGET_NAME)";
				SWIFT_EMIT_LOC_STRINGS = YES;
				SWIFT_VERSION = 5.0;
				TARGETED_DEVICE_FAMILY = "1,2";
			};
			name = Release;
		};
		A1054C76273187EA005FB57A /* Debug */ = {
			isa = XCBuildConfiguration;
			buildSettings = {
				ALWAYS_EMBED_SWIFT_STANDARD_LIBRARIES = YES;
				BUNDLE_LOADER = "$(TEST_HOST)";
				CODE_SIGN_STYLE = Automatic;
				CURRENT_PROJECT_VERSION = 1;
				DEVELOPMENT_TEAM = H688L4T6GV;
				GENERATE_INFOPLIST_FILE = YES;
				IPHONEOS_DEPLOYMENT_TARGET = 15.0;
				LD_RUNPATH_SEARCH_PATHS = (
					"$(inherited)",
					"@executable_path/Frameworks",
					"@loader_path/Frameworks",
				);
				MARKETING_VERSION = 1.0;
				PRODUCT_BUNDLE_IDENTIFIER = "Something.Restaurant-ProjectTests";
				PRODUCT_NAME = "$(TARGET_NAME)";
				SWIFT_EMIT_LOC_STRINGS = NO;
				SWIFT_VERSION = 5.0;
				TARGETED_DEVICE_FAMILY = "1,2";
				TEST_HOST = "$(BUILT_PRODUCTS_DIR)/Restaurant Project.app/Restaurant Project";
			};
			name = Debug;
		};
		A1054C77273187EA005FB57A /* Release */ = {
			isa = XCBuildConfiguration;
			buildSettings = {
				ALWAYS_EMBED_SWIFT_STANDARD_LIBRARIES = YES;
				BUNDLE_LOADER = "$(TEST_HOST)";
				CODE_SIGN_STYLE = Automatic;
				CURRENT_PROJECT_VERSION = 1;
				DEVELOPMENT_TEAM = H688L4T6GV;
				GENERATE_INFOPLIST_FILE = YES;
				IPHONEOS_DEPLOYMENT_TARGET = 15.0;
				LD_RUNPATH_SEARCH_PATHS = (
					"$(inherited)",
					"@executable_path/Frameworks",
					"@loader_path/Frameworks",
				);
				MARKETING_VERSION = 1.0;
				PRODUCT_BUNDLE_IDENTIFIER = "Something.Restaurant-ProjectTests";
				PRODUCT_NAME = "$(TARGET_NAME)";
				SWIFT_EMIT_LOC_STRINGS = NO;
				SWIFT_VERSION = 5.0;
				TARGETED_DEVICE_FAMILY = "1,2";
				TEST_HOST = "$(BUILT_PRODUCTS_DIR)/Restaurant Project.app/Restaurant Project";
			};
			name = Release;
		};
		A1054C79273187EA005FB57A /* Debug */ = {
			isa = XCBuildConfiguration;
			buildSettings = {
				ALWAYS_EMBED_SWIFT_STANDARD_LIBRARIES = YES;
				CODE_SIGN_STYLE = Automatic;
				CURRENT_PROJECT_VERSION = 1;
				DEVELOPMENT_TEAM = H688L4T6GV;
				GENERATE_INFOPLIST_FILE = YES;
				LD_RUNPATH_SEARCH_PATHS = (
					"$(inherited)",
					"@executable_path/Frameworks",
					"@loader_path/Frameworks",
				);
				MARKETING_VERSION = 1.0;
				PRODUCT_BUNDLE_IDENTIFIER = "Something.Restaurant-ProjectUITests";
				PRODUCT_NAME = "$(TARGET_NAME)";
				SWIFT_EMIT_LOC_STRINGS = NO;
				SWIFT_VERSION = 5.0;
				TARGETED_DEVICE_FAMILY = "1,2";
				TEST_TARGET_NAME = "Restaurant Project";
			};
			name = Debug;
		};
		A1054C7A273187EA005FB57A /* Release */ = {
			isa = XCBuildConfiguration;
			buildSettings = {
				ALWAYS_EMBED_SWIFT_STANDARD_LIBRARIES = YES;
				CODE_SIGN_STYLE = Automatic;
				CURRENT_PROJECT_VERSION = 1;
				DEVELOPMENT_TEAM = H688L4T6GV;
				GENERATE_INFOPLIST_FILE = YES;
				LD_RUNPATH_SEARCH_PATHS = (
					"$(inherited)",
					"@executable_path/Frameworks",
					"@loader_path/Frameworks",
				);
				MARKETING_VERSION = 1.0;
				PRODUCT_BUNDLE_IDENTIFIER = "Something.Restaurant-ProjectUITests";
				PRODUCT_NAME = "$(TARGET_NAME)";
				SWIFT_EMIT_LOC_STRINGS = NO;
				SWIFT_VERSION = 5.0;
				TARGETED_DEVICE_FAMILY = "1,2";
				TEST_TARGET_NAME = "Restaurant Project";
			};
			name = Release;
		};
/* End XCBuildConfiguration section */

/* Begin XCConfigurationList section */
		A1054C43273187E8005FB57A /* Build configuration list for PBXProject "Restaurant Project" */ = {
			isa = XCConfigurationList;
			buildConfigurations = (
				A1054C70273187EA005FB57A /* Debug */,
				A1054C71273187EA005FB57A /* Release */,
			);
			defaultConfigurationIsVisible = 0;
			defaultConfigurationName = Release;
		};
		A1054C72273187EA005FB57A /* Build configuration list for PBXNativeTarget "Restaurant Project" */ = {
			isa = XCConfigurationList;
			buildConfigurations = (
				A1054C73273187EA005FB57A /* Debug */,
				A1054C74273187EA005FB57A /* Release */,
			);
			defaultConfigurationIsVisible = 0;
			defaultConfigurationName = Release;
		};
		A1054C75273187EA005FB57A /* Build configuration list for PBXNativeTarget "Restaurant ProjectTests" */ = {
			isa = XCConfigurationList;
			buildConfigurations = (
				A1054C76273187EA005FB57A /* Debug */,
				A1054C77273187EA005FB57A /* Release */,
			);
			defaultConfigurationIsVisible = 0;
			defaultConfigurationName = Release;
		};
		A1054C78273187EA005FB57A /* Build configuration list for PBXNativeTarget "Restaurant ProjectUITests" */ = {
			isa = XCConfigurationList;
			buildConfigurations = (
				A1054C79273187EA005FB57A /* Debug */,
				A1054C7A273187EA005FB57A /* Release */,
			);
			defaultConfigurationIsVisible = 0;
			defaultConfigurationName = Release;
		};
/* End XCConfigurationList section */
	};
	rootObject = A1054C40273187E8005FB57A /* Project object */;
}
